<Solution>
  <Project Path="Task1_Pythagoras/Task1_Pythagoras.csproj" />
  <Project Path="Task2_EvenOrOdd/Task2_EvenOrOdd.csproj" />
  <Project Path="Task3_Calculator/Task3_Calculator.csproj" />
  <Project Path="Task4_Calculator=/Task4_Calculator=.csproj" Id="f36afbbc-660c-4b43-b0df-ae44144ff15c" />
</Solution>
